
Microsoft Visual Studio Solution File, Format Version 12.00
# Visual Studio Version 17
VisualStudioVersion = 17.2.32630.192
MinimumVisualStudioVersion = 10.0.40219.1
Project("{8BC9CEB8-8B4A-11D0-8D11-00A0C91BC942}") = "Project7", "Project7\Project7.vcxproj", "{FCFC7EDD-65AE-4B8F-B96E-20A71C74616E}"
EndProject
Global
	GlobalSection(SolutionConfigurationPlatforms) = preSolution
		Debug|x64 = Debug|x64
		Debug|x86 = Debug|x86
		Release|x64 = Release|x64
		Release|x86 = Release|x86
	EndGlobalSection
	GlobalSection(ProjectConfigurationPlatforms) = postSolution
		{FCFC7EDD-65AE-4B8F-B96E-20A71C74616E}.Debug|x64.ActiveCfg = Debug|x64
		{FCFC7EDD-65AE-4B8F-B96E-20A71C74616E}.Debug|x64.Build.0 = Debug|x64
		{FCFC7EDD-65AE-4B8F-B96E-20A71C74616E}.Debug|x86.ActiveCfg = Debug|Win32
		{FCFC7EDD-65AE-4B8F-B96E-20A71C74616E}.Debug|x86.Build.0 = Debug|Win32
		{FCFC7EDD-65AE-4B8F-B96E-20A71C74616E}.Release|x64.ActiveCfg = Release|x64
		{FCFC7EDD-65AE-4B8F-B96E-20A71C74616E}.Release|x64.Build.0 = Release|x64
		{FCFC7EDD-65AE-4B8F-B96E-20A71C74616E}.Release|x86.ActiveCfg = Release|Win32
		{FCFC7EDD-65AE-4B8F-B96E-20A71C74616E}.Release|x86.Build.0 = Release|Win32
	EndGlobalSection
	GlobalSection(SolutionProperties) = preSolution
		HideSolutionNode = FALSE
	EndGlobalSection
	GlobalSection(ExtensibilityGlobals) = postSolution
		SolutionGuid = {D9CB929C-9635-46B9-A359-A9C5C6A953B6}
	EndGlobalSection
EndGlobal
